
Microsoft Visual Studio Solution File, Format Version 12.00
# Visual Studio 15
Project("{FAE04EC0-301F-11D3-BF4B-00C04F79EFBC}") = "Unity.XR.Interaction.Toolkit.Samples.StarterAssets", "Unity.XR.Interaction.Toolkit.Samples.StarterAssets.csproj", "{3B6F1450-DAA2-2E0F-5178-ED2D20D17ABB}"
EndProject
Project("{FAE04EC0-301F-11D3-BF4B-00C04F79EFBC}") = "Assembly-CSharp", "Assembly-CSharp.csproj", "{60C4F34C-0701-93E4-881B-B376D6CC5424}"
EndProject
Project("{FAE04EC0-301F-11D3-BF4B-00C04F79EFBC}") = "Unity.XR.Interaction.Toolkit.Samples.ARStarterAssets", "Unity.XR.Interaction.Toolkit.Samples.ARStarterAssets.csproj", "{77F49DFE-06E2-1E63-A531-47700425D018}"
EndProject
Project("{FAE04EC0-301F-11D3-BF4B-00C04F79EFBC}") = "Unity.XR.Interaction.Toolkit.Samples.StarterAssets.Editor", "Unity.XR.Interaction.Toolkit.Samples.StarterAssets.Editor.csproj", "{B5AA2436-DE18-AF9F-0298-C459124E02E8}"
EndProject
Project("{FAE04EC0-301F-11D3-BF4B-00C04F79EFBC}") = "Unity.XR.Interaction.Toolkit.Samples.ARStarterAssets.Editor", "Unity.XR.Interaction.Toolkit.Samples.ARStarterAssets.Editor.csproj", "{2A68B9B6-38DC-67CC-8D6E-C07672BE56C4}"
EndProject
Global
	GlobalSection(SolutionConfigurationPlatforms) = preSolution
		Debug|Any CPU = Debug|Any CPU
		Release|Any CPU = Release|Any CPU
	EndGlobalSection
	GlobalSection(ProjectConfigurationPlatforms) = postSolution
		{3B6F1450-DAA2-2E0F-5178-ED2D20D17ABB}.Debug|Any CPU.ActiveCfg = Debug|Any CPU
		{3B6F1450-DAA2-2E0F-5178-ED2D20D17ABB}.Debug|Any CPU.Build.0 = Debug|Any CPU
		{3B6F1450-DAA2-2E0F-5178-ED2D20D17ABB}.Release|Any CPU.ActiveCfg = Release|Any CPU
		{3B6F1450-DAA2-2E0F-5178-ED2D20D17ABB}.Release|Any CPU.Build.0 = Release|Any CPU
		{60C4F34C-0701-93E4-881B-B376D6CC5424}.Debug|Any CPU.ActiveCfg = Debug|Any CPU
		{60C4F34C-0701-93E4-881B-B376D6CC5424}.Debug|Any CPU.Build.0 = Debug|Any CPU
		{60C4F34C-0701-93E4-881B-B376D6CC5424}.Release|Any CPU.ActiveCfg = Release|Any CPU
		{60C4F34C-0701-93E4-881B-B376D6CC5424}.Release|Any CPU.Build.0 = Release|Any CPU
		{77F49DFE-06E2-1E63-A531-47700425D018}.Debug|Any CPU.ActiveCfg = Debug|Any CPU
		{77F49DFE-06E2-1E63-A531-47700425D018}.Debug|Any CPU.Build.0 = Debug|Any CPU
		{77F49DFE-06E2-1E63-A531-47700425D018}.Release|Any CPU.ActiveCfg = Release|Any CPU
		{77F49DFE-06E2-1E63-A531-47700425D018}.Release|Any CPU.Build.0 = Release|Any CPU
		{B5AA2436-DE18-AF9F-0298-C459124E02E8}.Debug|Any CPU.ActiveCfg = Debug|Any CPU
		{B5AA2436-DE18-AF9F-0298-C459124E02E8}.Debug|Any CPU.Build.0 = Debug|Any CPU
		{B5AA2436-DE18-AF9F-0298-C459124E02E8}.Release|Any CPU.ActiveCfg = Release|Any CPU
		{B5AA2436-DE18-AF9F-0298-C459124E02E8}.Release|Any CPU.Build.0 = Release|Any CPU
		{2A68B9B6-38DC-67CC-8D6E-C07672BE56C4}.Debug|Any CPU.ActiveCfg = Debug|Any CPU
		{2A68B9B6-38DC-67CC-8D6E-C07672BE56C4}.Debug|Any CPU.Build.0 = Debug|Any CPU
		{2A68B9B6-38DC-67CC-8D6E-C07672BE56C4}.Release|Any CPU.ActiveCfg = Release|Any CPU
		{2A68B9B6-38DC-67CC-8D6E-C07672BE56C4}.Release|Any CPU.Build.0 = Release|Any CPU
	EndGlobalSection
	GlobalSection(SolutionProperties) = preSolution
		HideSolutionNode = FALSE
	EndGlobalSection
EndGlobal
